<?xml version="1.0" encoding="UTF-8" standalone="yes" ?>
<CodeBlocks_project_file>
	<FileVersion major="1" minor="6" />
	<Project>
		<Option title="Paca-Mana" />
		<Option pch_mode="2" />
		<Option compiler="gcc" />
		<Build>
			<Target title="Debug">
				<Option output="bin/Debug/Paca-Mana" prefix_auto="1" extension_auto="1" />
				<Option object_output="obj/Debug/" />
				<Option type="1" />
				<Option compiler="gcc" />
				<Compiler>
					<Add option="-g" />
				</Compiler>
				<Linker>
					<Add library="irr_klang/lib/libirrKlang.a" />
				</Linker>
			</Target>
			<Target title="Release">
				<Option output="bin/Release/Paca-Mana" prefix_auto="1" extension_auto="1" />
				<Option object_output="obj/Release/" />
				<Option type="1" />
				<Option compiler="gcc" />
				<Compiler>
					<Add option="-O2" />
				</Compiler>
				<Linker>
					<Add option="-s" />
					<Add library="irr_klang/lib/libirrKlang.a" />
				</Linker>
			</Target>
		</Build>
		<Compiler>
			<Add option="-Wall" />
			<Add option="-std=c++11" />
			<Add option="-fexceptions" />
			<Add option="-DGLEW_STATIC" />
			<Add directory="glm" />
			<Add directory="glfw/include" />
			<Add directory="glew/include" />
			<Add directory="." />
		</Compiler>
		<Linker>
			<Add library="glew/lib/glew32s.lib" />
			<Add library="glfw3" />
			<Add library="opengl32" />
			<Add library="gdi32" />
			<Add library="glu32" />
			<Add directory="glfw/lib" />
			<Add directory="glew/lib" />
		</Linker>
		<Unit filename="allmodels.h" />
		<Unit filename="coin.cpp" />
		<Unit filename="coin.h" />
		<Unit filename="constants.h" />
		<Unit filename="floor.cpp" />
		<Unit filename="floor.h" />
		<Unit filename="ghost.cpp" />
		<Unit filename="ghost.h" />
		<Unit filename="info.cpp" />
		<Unit filename="info.h" />
		<Unit filename="licznik.cpp" />
		<Unit filename="licznik.h" />
		<Unit filename="loaderOBJ.cpp" />
		<Unit filename="loaderOBJ.h" />
		<Unit filename="lodepng.cpp" />
		<Unit filename="lodepng.h" />
		<Unit filename="main_file.cpp" />
		<Unit filename="map.cpp" />
		<Unit filename="map.h" />
		<Unit filename="model.cpp" />
		<Unit filename="model.h" />
		<Unit filename="move.cpp" />
		<Unit filename="move.h" />
		<Unit filename="player.cpp" />
		<Unit filename="player.h" />
		<Unit filename="struct.h" />
		<Unit filename="wall.cpp" />
		<Unit filename="wall.h" />
		<Extensions>
			<code_completion />
			<envvars />
			<debugger />
		</Extensions>
	</Project>
</CodeBlocks_project_file>
